// !$*UTF8*$!
{
	archiveVersion = 1;
	classes = {
	};
	objectVersion = 46;
	objects = {

/* Begin PBXBuildFile section */
		55826E2F19CC2D15008EB81B /* AssetsLibrary.framework in Frameworks */ = {isa = PBXBuildFile; fileRef = 55826E2E19CC2D15008EB81B /* AssetsLibrary.framework */; settings = {ATTRIBUTES = (Weak, ); }; };
		55B206241768CEB000A19A12 /* UIKit.framework in Frameworks */ = {isa = PBXBuildFile; fileRef = 55B206231768CEB000A19A12 /* UIKit.framework */; };
		55B206261768CEB000A19A12 /* Foundation.framework in Frameworks */ = {isa = PBXBuildFile; fileRef = 55B206251768CEB000A19A12 /* Foundation.framework */; };
		55B206281768CEB000A19A12 /* CoreGraphics.framework in Frameworks */ = {isa = PBXBuildFile; fileRef = 55B206271768CEB000A19A12 /* CoreGraphics.framework */; };
		55B206911768D39300A19A12 /* SystemConfiguration.framework in Frameworks */ = {isa = PBXBuildFile; fileRef = 55B206901768D39300A19A12 /* SystemConfiguration.framework */; };
		55B206B31768F90E00A19A12 /* main.m in Sources */ = {isa = PBXBuildFile; fileRef = 55B206B21768F90E00A19A12 /* main.m */; };
		55B206C91768F99F00A19A12 /* FKAPIBuilder.m in Sources */ = {isa = PBXBuildFile; fileRef = 55B206C11768F99F00A19A12 /* FKAPIBuilder.m */; };
		55B206CA1768F99F00A19A12 /* FKAPIMethods.header in Resources */ = {isa = PBXBuildFile; fileRef = 55B206C21768F99F00A19A12 /* FKAPIMethods.header */; };
		55B206CB1768F99F00A19A12 /* FKAppDelegate.m in Sources */ = {isa = PBXBuildFile; fileRef = 55B206C41768F99F00A19A12 /* FKAppDelegate.m */; };
		55B206CC1768F99F00A19A12 /* FKFlickrMethodTemplate.header in Resources */ = {isa = PBXBuildFile; fileRef = 55B206C51768F99F00A19A12 /* FKFlickrMethodTemplate.header */; };
		55B206CD1768F99F00A19A12 /* FKFlickrMethodTemplate.implementation in Resources */ = {isa = PBXBuildFile; fileRef = 55B206C61768F99F00A19A12 /* FKFlickrMethodTemplate.implementation */; };
		55B206CE1768F99F00A19A12 /* FKViewController.m in Sources */ = {isa = PBXBuildFile; fileRef = 55B206C81768F99F00A19A12 /* FKViewController.m */; };
		55B206D21768F9A600A19A12 /* Default-568h@2x.png in Resources */ = {isa = PBXBuildFile; fileRef = 55B206CF1768F9A600A19A12 /* Default-568h@2x.png */; };
		55B206D31768F9A600A19A12 /* Default.png in Resources */ = {isa = PBXBuildFile; fileRef = 55B206D01768F9A600A19A12 /* Default.png */; };
		55B206D41768F9A600A19A12 /* Default@2x.png in Resources */ = {isa = PBXBuildFile; fileRef = 55B206D11768F9A600A19A12 /* Default@2x.png */; };
		55B206DD1768FA2E00A19A12 /* libFlickrKit.a in Frameworks */ = {isa = PBXBuildFile; fileRef = 55B206BD1768F96C00A19A12 /* libFlickrKit.a */; };
		55B206E11768FAD200A19A12 /* FKViewController_iPhone.xib in Resources */ = {isa = PBXBuildFile; fileRef = 55B206E01768FAD200A19A12 /* FKViewController_iPhone.xib */; };
		55B207051769C42F00A19A12 /* basedir.txt in Resources */ = {isa = PBXBuildFile; fileRef = 55B207041769C42F00A19A12 /* basedir.txt */; };
/* End PBXBuildFile section */

/* Begin PBXContainerItemProxy section */
		55B206BC1768F96C00A19A12 /* PBXContainerItemProxy */ = {
			isa = PBXContainerItemProxy;
			containerPortal = 55B206B71768F96C00A19A12 /* FlickrKit.xcodeproj */;
			proxyType = 2;
			remoteGlobalIDString = 552D918C1753F8EF00BE3FEA;
			remoteInfo = FlickrKit;
		};
		55B206BE1768F96C00A19A12 /* PBXContainerItemProxy */ = {
			isa = PBXContainerItemProxy;
			containerPortal = 55B206B71768F96C00A19A12 /* FlickrKit.xcodeproj */;
			proxyType = 2;
			remoteGlobalIDString = 552D919A1753F8F000BE3FEA;
			remoteInfo = FlickrKitTests;
		};
		55B206D91768FA2600A19A12 /* PBXContainerItemProxy */ = {
			isa = PBXContainerItemProxy;
			containerPortal = 55B206B71768F96C00A19A12 /* FlickrKit.xcodeproj */;
			proxyType = 1;
			remoteGlobalIDString = 552D918B1753F8EF00BE3FEA;
			remoteInfo = FlickrKit;
		};
/* End PBXContainerItemProxy section */

/* Begin PBXFileReference section */
		55826E2E19CC2D15008EB81B /* AssetsLibrary.framework */ = {isa = PBXFileReference; lastKnownFileType = wrapper.framework; name = AssetsLibrary.framework; path = System/Library/Frameworks/AssetsLibrary.framework; sourceTree = SDKROOT; };
		55B206201768CEB000A19A12 /* FlickrKitModelGenerator.app */ = {isa = PBXFileReference; explicitFileType = wrapper.application; includeInIndex = 0; path = FlickrKitModelGenerator.app; sourceTree = BUILT_PRODUCTS_DIR; };
		55B206231768CEB000A19A12 /* UIKit.framework */ = {isa = PBXFileReference; lastKnownFileType = wrapper.framework; name = UIKit.framework; path = System/Library/Frameworks/UIKit.framework; sourceTree = SDKROOT; };
		55B206251768CEB000A19A12 /* Foundation.framework */ = {isa = PBXFileReference; lastKnownFileType = wrapper.framework; name = Foundation.framework; path = System/Library/Frameworks/Foundation.framework; sourceTree = SDKROOT; };
		55B206271768CEB000A19A12 /* CoreGraphics.framework */ = {isa = PBXFileReference; lastKnownFileType = wrapper.framework; name = CoreGraphics.framework; path = System/Library/Frameworks/CoreGraphics.framework; sourceTree = SDKROOT; };
		55B2064A1768CEB000A19A12 /* SenTestingKit.framework */ = {isa = PBXFileReference; lastKnownFileType = wrapper.framework; name = SenTestingKit.framework; path = Library/Frameworks/SenTestingKit.framework; sourceTree = DEVELOPER_DIR; };
		55B206901768D39300A19A12 /* SystemConfiguration.framework */ = {isa = PBXFileReference; lastKnownFileType = wrapper.framework; name = SystemConfiguration.framework; path = System/Library/Frameworks/SystemConfiguration.framework; sourceTree = SDKROOT; };
		55B206B21768F90E00A19A12 /* main.m */ = {isa = PBXFileReference; fileEncoding = 4; lastKnownFileType = sourcecode.c.objc; path = main.m; sourceTree = SOURCE_ROOT; };
		55B206B71768F96C00A19A12 /* FlickrKit.xcodeproj */ = {isa = PBXFileReference; lastKnownFileType = "wrapper.pb-project"; name = FlickrKit.xcodeproj; path = ../FlickrKit.xcodeproj; sourceTree = "<group>"; };
		55B206C01768F99F00A19A12 /* FKAPIBuilder.h */ = {isa = PBXFileReference; fileEncoding = 4; lastKnownFileType = sourcecode.c.h; name = FKAPIBuilder.h; path = Classes/FKAPIBuilder.h; sourceTree = "<group>"; };
		55B206C11768F99F00A19A12 /* FKAPIBuilder.m */ = {isa = PBXFileReference; fileEncoding = 4; lastKnownFileType = sourcecode.c.objc; name = FKAPIBuilder.m; path = Classes/FKAPIBuilder.m; sourceTree = "<group>"; };
		55B206C21768F99F00A19A12 /* FKAPIMethods.header */ = {isa = PBXFileReference; fileEncoding = 4; lastKnownFileType = text; name = FKAPIMethods.header; path = Classes/FKAPIMethods.header; sourceTree = "<group>"; };
		55B206C31768F99F00A19A12 /* FKAppDelegate.h */ = {isa = PBXFileReference; fileEncoding = 4; lastKnownFileType = sourcecode.c.h; name = FKAppDelegate.h; path = Classes/FKAppDelegate.h; sourceTree = "<group>"; };
		55B206C41768F99F00A19A12 /* FKAppDelegate.m */ = {isa = PBXFileReference; fileEncoding = 4; lastKnownFileType = sourcecode.c.objc; name = FKAppDelegate.m; path = Classes/FKAppDelegate.m; sourceTree = "<group>"; };
		55B206C51768F99F00A19A12 /* FKFlickrMethodTemplate.header */ = {isa = PBXFileReference; fileEncoding = 4; lastKnownFileType = text; name = FKFlickrMethodTemplate.header; path = Classes/FKFlickrMethodTemplate.header; sourceTree = "<group>"; };
		55B206C61768F99F00A19A12 /* FKFlickrMethodTemplate.implementation */ = {isa = PBXFileReference; fileEncoding = 4; lastKnownFileType = text; name = FKFlickrMethodTemplate.implementation; path = Classes/FKFlickrMethodTemplate.implementation; sourceTree = "<group>"; };
		55B206C71768F99F00A19A12 /* FKViewController.h */ = {isa = PBXFileReference; fileEncoding = 4; lastKnownFileType = sourcecode.c.h; name = FKViewController.h; path = Classes/FKViewController.h; sourceTree = "<group>"; };
		55B206C81768F99F00A19A12 /* FKViewController.m */ = {isa = PBXFileReference; fileEncoding = 4; lastKnownFileType = sourcecode.c.objc; name = FKViewController.m; path = Classes/FKViewController.m; sourceTree = "<group>"; };
		55B206CF1768F9A600A19A12 /* Default-568h@2x.png */ = {isa = PBXFileReference; lastKnownFileType = image.png; name = "Default-568h@2x.png"; path = "Resources/Default-568h@2x.png"; sourceTree = "<group>"; };
		55B206D01768F9A600A19A12 /* Default.png */ = {isa = PBXFileReference; lastKnownFileType = image.png; name = Default.png; path = Resources/Default.png; sourceTree = "<group>"; };
		55B206D11768F9A600A19A12 /* Default@2x.png */ = {isa = PBXFileReference; lastKnownFileType = image.png; name = "Default@2x.png"; path = "Resources/Default@2x.png"; sourceTree = "<group>"; };
		55B206DE1768FA7100A19A12 /* FlickrKitModelGenerator-Info.plist */ = {isa = PBXFileReference; lastKnownFileType = text.plist.xml; path = "FlickrKitModelGenerator-Info.plist"; sourceTree = SOURCE_ROOT; };
		55B206DF1768FA7100A19A12 /* FlickrKitModelGenerator-Prefix.pch */ = {isa = PBXFileReference; lastKnownFileType = sourcecode.c.h; path = "FlickrKitModelGenerator-Prefix.pch"; sourceTree = SOURCE_ROOT; };
		55B206E01768FAD200A19A12 /* FKViewController_iPhone.xib */ = {isa = PBXFileReference; fileEncoding = 4; lastKnownFileType = file.xib; name = FKViewController_iPhone.xib; path = Classes/FKViewController_iPhone.xib; sourceTree = "<group>"; };
		55B207041769C42F00A19A12 /* basedir.txt */ = {isa = PBXFileReference; fileEncoding = 4; lastKnownFileType = text; path = basedir.txt; sourceTree = "<group>"; };
/* End PBXFileReference section */

/* Begin PBXFrameworksBuildPhase section */
		55B2061D1768CEB000A19A12 /* Frameworks */ = {
			isa = PBXFrameworksBuildPhase;
			buildActionMask = 2147483647;
			files = (
				55826E2F19CC2D15008EB81B /* AssetsLibrary.framework in Frameworks */,
				55B206911768D39300A19A12 /* SystemConfiguration.framework in Frameworks */,
				55B206241768CEB000A19A12 /* UIKit.framework in Frameworks */,
				55B206261768CEB000A19A12 /* Foundation.framework in Frameworks */,
				55B206281768CEB000A19A12 /* CoreGraphics.framework in Frameworks */,
				55B206DD1768FA2E00A19A12 /* libFlickrKit.a in Frameworks */,
			);
			runOnlyForDeploymentPostprocessing = 0;
		};
/* End PBXFrameworksBuildPhase section */

/* Begin PBXGroup section */
		55B206171768CEB000A19A12 = {
			isa = PBXGroup;
			children = (
				55B206B71768F96C00A19A12 /* FlickrKit.xcodeproj */,
				55B2069A1768F83000A19A12 /* Classes */,
				55B206AB1768F8D500A19A12 /* Resources */,
				55B2062A1768CEB000A19A12 /* Supporting Files */,
				55B206221768CEB000A19A12 /* Frameworks */,
				55B206211768CEB000A19A12 /* Products */,
			);
			sourceTree = "<group>";
		};
		55B206211768CEB000A19A12 /* Products */ = {
			isa = PBXGroup;
			children = (
				55B206201768CEB000A19A12 /* FlickrKitModelGenerator.app */,
			);
			name = Products;
			sourceTree = "<group>";
		};
		55B206221768CEB000A19A12 /* Frameworks */ = {
			isa = PBXGroup;
			children = (
				55826E2E19CC2D15008EB81B /* AssetsLibrary.framework */,
				55B206901768D39300A19A12 /* SystemConfiguration.framework */,
				55B206231768CEB000A19A12 /* UIKit.framework */,
				55B206251768CEB000A19A12 /* Foundation.framework */,
				55B206271768CEB000A19A12 /* CoreGraphics.framework */,
				55B2064A1768CEB000A19A12 /* SenTestingKit.framework */,
			);
			name = Frameworks;
			sourceTree = "<group>";
		};
		55B2062A1768CEB000A19A12 /* Supporting Files */ = {
			isa = PBXGroup;
			children = (
				55B206DE1768FA7100A19A12 /* FlickrKitModelGenerator-Info.plist */,
				55B206DF1768FA7100A19A12 /* FlickrKitModelGenerator-Prefix.pch */,
				55B206B21768F90E00A19A12 /* main.m */,
			);
			name = "Supporting Files";
			path = APIBuilder;
			sourceTree = "<group>";
		};
		55B2069A1768F83000A19A12 /* Classes */ = {
			isa = PBXGroup;
			children = (
				55B207041769C42F00A19A12 /* basedir.txt */,
				55B206C01768F99F00A19A12 /* FKAPIBuilder.h */,
				55B206C11768F99F00A19A12 /* FKAPIBuilder.m */,
				55B206C31768F99F00A19A12 /* FKAppDelegate.h */,
				55B206C41768F99F00A19A12 /* FKAppDelegate.m */,
				55B206C21768F99F00A19A12 /* FKAPIMethods.header */,
				55B206C51768F99F00A19A12 /* FKFlickrMethodTemplate.header */,
				55B206C61768F99F00A19A12 /* FKFlickrMethodTemplate.implementation */,
				55B206C71768F99F00A19A12 /* FKViewController.h */,
				55B206C81768F99F00A19A12 /* FKViewController.m */,
				55B206E01768FAD200A19A12 /* FKViewController_iPhone.xib */,
			);
			name = Classes;
			sourceTree = "<group>";
		};
		55B206AB1768F8D500A19A12 /* Resources */ = {
			isa = PBXGroup;
			children = (
				55B206CF1768F9A600A19A12 /* Default-568h@2x.png */,
				55B206D01768F9A600A19A12 /* Default.png */,
				55B206D11768F9A600A19A12 /* Default@2x.png */,
			);
			name = Resources;
			sourceTree = "<group>";
		};
		55B206B81768F96C00A19A12 /* Products */ = {
			isa = PBXGroup;
			children = (
				55B206BD1768F96C00A19A12 /* libFlickrKit.a */,
				55B206BF1768F96C00A19A12 /* FlickrKitTests.octest */,
			);
			name = Products;
			sourceTree = "<group>";
		};
/* End PBXGroup section */

/* Begin PBXNativeTarget section */
		55B2061F1768CEB000A19A12 /* FlickrKitModelGenerator */ = {
			isa = PBXNativeTarget;
			buildConfigurationList = 55B2065B1768CEB000A19A12 /* Build configuration list for PBXNativeTarget "FlickrKitModelGenerator" */;
			buildPhases = (
				55B207021769C26000A19A12 /* ShellScript */,
				55B2061C1768CEB000A19A12 /* Sources */,
				55B2061D1768CEB000A19A12 /* Frameworks */,
				55B2061E1768CEB000A19A12 /* Resources */,
			);
			buildRules = (
			);
			dependencies = (
				55B206DA1768FA2600A19A12 /* PBXTargetDependency */,
			);
			name = FlickrKitModelGenerator;
			productName = APIBuilder;
			productReference = 55B206201768CEB000A19A12 /* FlickrKitModelGenerator.app */;
			productType = "com.apple.product-type.application";
		};
/* End PBXNativeTarget section */

/* Begin PBXProject section */
		55B206181768CEB000A19A12 /* Project object */ = {
			isa = PBXProject;
			attributes = {
				CLASSPREFIX = FK;
				LastUpgradeCheck = 0460;
				ORGANIZATIONNAME = "DevedUp Ltd";
			};
			buildConfigurationList = 55B2061B1768CEB000A19A12 /* Build configuration list for PBXProject "FlickrKitModelGenerator" */;
			compatibilityVersion = "Xcode 3.2";
			developmentRegion = English;
			hasScannedForEncodings = 0;
			knownRegions = (
				en,
			);
			mainGroup = 55B206171768CEB000A19A12;
			productRefGroup = 55B206211768CEB000A19A12 /* Products */;
			projectDirPath = "";
			projectReferences = (
				{
					ProductGroup = 55B206B81768F96C00A19A12 /* Products */;
					ProjectRef = 55B206B71768F96C00A19A12 /* FlickrKit.xcodeproj */;
				},
			);
			projectRoot = "";
			targets = (
				55B2061F1768CEB000A19A12 /* FlickrKitModelGenerator */,
			);
		};
/* End PBXProject section */

/* Begin PBXReferenceProxy section */
		55B206BD1768F96C00A19A12 /* libFlickrKit.a */ = {
			isa = PBXReferenceProxy;
			fileType = archive.ar;
			path = libFlickrKit.a;
			remoteRef = 55B206BC1768F96C00A19A12 /* PBXContainerItemProxy */;
			sourceTree = BUILT_PRODUCTS_DIR;
		};
		55B206BF1768F96C00A19A12 /* FlickrKitTests.octest */ = {
			isa = PBXReferenceProxy;
			fileType = wrapper.cfbundle;
			path = FlickrKitTests.octest;
			remoteRef = 55B206BE1768F96C00A19A12 /* PBXContainerItemProxy */;
			sourceTree = BUILT_PRODUCTS_DIR;
		};
/* End PBXReferenceProxy section */

/* Begin PBXResourcesBuildPhase section */
		55B2061E1768CEB000A19A12 /* Resources */ = {
			isa = PBXResourcesBuildPhase;
			buildActionMask = 2147483647;
			files = (
				55B206CA1768F99F00A19A12 /* FKAPIMethods.header in Resources */,
				55B206CC1768F99F00A19A12 /* FKFlickrMethodTemplate.header in Resources */,
				55B206CD1768F99F00A19A12 /* FKFlickrMethodTemplate.implementation in Resources */,
				55B206D21768F9A600A19A12 /* Default-568h@2x.png in Resources */,
				55B206D31768F9A600A19A12 /* Default.png in Resources */,
				55B206D41768F9A600A19A12 /* Default@2x.png in Resources */,
				55B206E11768FAD200A19A12 /* FKViewController_iPhone.xib in Resources */,
				55B207051769C42F00A19A12 /* basedir.txt in Resources */,
			);
			runOnlyForDeploymentPostprocessing = 0;
		};
/* End PBXResourcesBuildPhase section */

/* Begin PBXShellScriptBuildPhase section */
		55B207021769C26000A19A12 /* ShellScript */ = {
			isa = PBXShellScriptBuildPhase;
			buildActionMask = 2147483647;
			files = (
			);
			inputPaths = (
			);
			outputPaths = (
			);
			runOnlyForDeploymentPostprocessing = 0;
			shellPath = /bin/sh;
			shellScript = "ROOT_DIR=\"$SOURCE_ROOT\"\necho $ROOT_DIR > basedir.txt";
			showEnvVarsInLog = 0;
		};
/* End PBXShellScriptBuildPhase section */

/* Begin PBXSourcesBuildPhase section */
		55B2061C1768CEB000A19A12 /* Sources */ = {
			isa = PBXSourcesBuildPhase;
			buildActionMask = 2147483647;
			files = (
				55B206B31768F90E00A19A12 /* main.m in Sources */,
				55B206C91768F99F00A19A12 /* FKAPIBuilder.m in Sources */,
				55B206CB1768F99F00A19A12 /* FKAppDelegate.m in Sources */,
				55B206CE1768F99F00A19A12 /* FKViewController.m in Sources */,
			);
			runOnlyForDeploymentPostprocessing = 0;
		};
/* End PBXSourcesBuildPhase section */

/* Begin PBXTargetDependency section */
		55B206DA1768FA2600A19A12 /* PBXTargetDependency */ = {
			isa = PBXTargetDependency;
			name = FlickrKit;
			targetProxy = 55B206D91768FA2600A19A12 /* PBXContainerItemProxy */;
		};
/* End PBXTargetDependency section */

/* Begin XCBuildConfiguration section */
		55B206591768CEB000A19A12 /* Debug */ = {
			isa = XCBuildConfiguration;
			buildSettings = {
				ALWAYS_SEARCH_USER_PATHS = NO;
				CLANG_CXX_LANGUAGE_STANDARD = "gnu++0x";
				CLANG_CXX_LIBRARY = "libc++";
				CLANG_ENABLE_OBJC_ARC = YES;
				CLANG_WARN_CONSTANT_CONVERSION = YES;
				CLANG_WARN_EMPTY_BODY = YES;
				CLANG_WARN_ENUM_CONVERSION = YES;
				CLANG_WARN_INT_CONVERSION = YES;
				CLANG_WARN__DUPLICATE_METHOD_MATCH = YES;
				"CODE_SIGN_IDENTITY[sdk=iphoneos*]" = "iPhone Developer";
				COPY_PHASE_STRIP = NO;
				GCC_C_LANGUAGE_STANDARD = gnu99;
				GCC_DYNAMIC_NO_PIC = NO;
				GCC_OPTIMIZATION_LEVEL = 0;
				GCC_PREPROCESSOR_DEFINITIONS = (
					"DEBUG=1",
					"$(inherited)",
				);
				GCC_SYMBOLS_PRIVATE_EXTERN = NO;
				GCC_WARN_ABOUT_RETURN_TYPE = YES;
				GCC_WARN_UNINITIALIZED_AUTOS = YES;
				GCC_WARN_UNUSED_VARIABLE = YES;
				IPHONEOS_DEPLOYMENT_TARGET = 6.1;
				ONLY_ACTIVE_ARCH = YES;
				SDKROOT = iphoneos;
				TARGETED_DEVICE_FAMILY = "1,2";
			};
			name = Debug;
		};
		55B2065A1768CEB000A19A12 /* Release */ = {
			isa = XCBuildConfiguration;
			buildSettings = {
				ALWAYS_SEARCH_USER_PATHS = NO;
				CLANG_CXX_LANGUAGE_STANDARD = "gnu++0x";
				CLANG_CXX_LIBRARY = "libc++";
				CLANG_ENABLE_OBJC_ARC = YES;
				CLANG_WARN_CONSTANT_CONVERSION = YES;
				CLANG_WARN_EMPTY_BODY = YES;
				CLANG_WARN_ENUM_CONVERSION = YES;
				CLANG_WARN_INT_CONVERSION = YES;
				CLANG_WARN__DUPLICATE_METHOD_MATCH = YES;
				"CODE_SIGN_IDENTITY[sdk=iphoneos*]" = "iPhone Developer";
				COPY_PHASE_STRIP = YES;
				GCC_C_LANGUAGE_STANDARD = gnu99;
				GCC_WARN_ABOUT_RETURN_TYPE = YES;
				GCC_WARN_UNINITIALIZED_AUTOS = YES;
				GCC_WARN_UNUSED_VARIABLE = YES;
				IPHONEOS_DEPLOYMENT_TARGET = 6.1;
				OTHER_CFLAGS = "-DNS_BLOCK_ASSERTIONS=1";
				SDKROOT = iphoneos;
				TARGETED_DEVICE_FAMILY = "1,2";
				VALIDATE_PRODUCT = YES;
			};
			name = Release;
		};
		55B2065C1768CEB000A19A12 /* Debug */ = {
			isa = XCBuildConfiguration;
			buildSettings = {
				GCC_PRECOMPILE_PREFIX_HEADER = YES;
				GCC_PREFIX_HEADER = "FlickrKitModelGenerator-Prefix.pch";
				HEADER_SEARCH_PATHS = "\"$(SRCROOT)/../Classes\"/**";
				INFOPLIST_FILE = "FlickrKitModelGenerator-Info.plist";
				PRODUCT_NAME = FlickrKitModelGenerator;
				TARGETED_DEVICE_FAMILY = 1;
				WRAPPER_EXTENSION = app;
			};
			name = Debug;
		};
		55B2065D1768CEB000A19A12 /* Release */ = {
			isa = XCBuildConfiguration;
			buildSettings = {
				GCC_PRECOMPILE_PREFIX_HEADER = YES;
				GCC_PREFIX_HEADER = "FlickrKitModelGenerator-Prefix.pch";
				HEADER_SEARCH_PATHS = "\"$(SRCROOT)/../Classes\"/**";
				INFOPLIST_FILE = "FlickrKitModelGenerator-Info.plist";
				PRODUCT_NAME = FlickrKitModelGenerator;
				TARGETED_DEVICE_FAMILY = 1;
				WRAPPER_EXTENSION = app;
			};
			name = Release;
		};
/* End XCBuildConfiguration section */

/* Begin XCConfigurationList section */
		55B2061B1768CEB000A19A12 /* Build configuration list for PBXProject "FlickrKitModelGenerator" */ = {
			isa = XCConfigurationList;
			buildConfigurations = (
				55B206591768CEB000A19A12 /* Debug */,
				55B2065A1768CEB000A19A12 /* Release */,
			);
			defaultConfigurationIsVisible = 0;
			defaultConfigurationName = Release;
		};
		55B2065B1768CEB000A19A12 /* Build configuration list for PBXNativeTarget "FlickrKitModelGenerator" */ = {
			isa = XCConfigurationList;
			buildConfigurations = (
				55B2065C1768CEB000A19A12 /* Debug */,
				55B2065D1768CEB000A19A12 /* Release */,
			);
			defaultConfigurationIsVisible = 0;
			defaultConfigurationName = Release;
		};
/* End XCConfigurationList section */
	};
	rootObject = 55B206181768CEB000A19A12 /* Project object */;
}
